
Microsoft Visual Studio Solution File, Format Version 12.00
# Visual Studio Version 17
VisualStudioVersion = 17.0.32014.148
MinimumVisualStudioVersion = 10.0.40219.1
Project("{9A19103F-16F7-4668-BE54-9A1E7A4F7556}") = "ChannelService.Api", "ChannelService.Api.csproj", "{F72C9F7A-3D18-4106-9B01-29F300B86CCD}"
EndProject
Project("{2150E333-8FDC-42A3-9474-1A3956D46DE8}") = "src", "src", "{B0FD18B3-F51C-4B1E-B81C-FE8DB0C32F26}"
EndProject
Project("{9A19103F-16F7-4668-BE54-9A1E7A4F7556}") = "ChannelService.Core", "..\ChannelService.Core\ChannelService.Core.csproj", "{0B68B3B1-43EE-4669-BD89-BA640B696B0C}"
EndProject
Project("{9A19103F-16F7-4668-BE54-9A1E7A4F7556}") = "ChannelService.Infrastructure", "..\ChannelService.Infrastructure\ChannelService.Infrastructure.csproj", "{6EE7A7A4-274B-43CA-B669-4218B677D203}"
EndProject
Global
	GlobalSection(SolutionConfigurationPlatforms) = preSolution
		Debug|Any CPU = Debug|Any CPU
		Release|Any CPU = Release|Any CPU
	EndGlobalSection
	GlobalSection(ProjectConfigurationPlatforms) = postSolution
		{F72C9F7A-3D18-4106-9B01-29F300B86CCD}.Debug|Any CPU.ActiveCfg = Debug|Any CPU
		{F72C9F7A-3D18-4106-9B01-29F300B86CCD}.Debug|Any CPU.Build.0 = Debug|Any CPU
		{F72C9F7A-3D18-4106-9B01-29F300B86CCD}.Release|Any CPU.ActiveCfg = Release|Any CPU
		{F72C9F7A-3D18-4106-9B01-29F300B86CCD}.Release|Any CPU.Build.0 = Release|Any CPU
		{0B68B3B1-43EE-4669-BD89-BA640B696B0C}.Debug|Any CPU.ActiveCfg = Debug|Any CPU
		{0B68B3B1-43EE-4669-BD89-BA640B696B0C}.Debug|Any CPU.Build.0 = Debug|Any CPU
		{0B68B3B1-43EE-4669-BD89-BA640B696B0C}.Release|Any CPU.ActiveCfg = Release|Any CPU
		{0B68B3B1-43EE-4669-BD89-BA640B696B0C}.Release|Any CPU.Build.0 = Release|Any CPU
		{6EE7A7A4-274B-43CA-B669-4218B677D203}.Debug|Any CPU.ActiveCfg = Debug|Any CPU
		{6EE7A7A4-274B-43CA-B669-4218B677D203}.Debug|Any CPU.Build.0 = Debug|Any CPU
		{6EE7A7A4-274B-43CA-B669-4218B677D203}.Release|Any CPU.ActiveCfg = Release|Any CPU
		{6EE7A7A4-274B-43CA-B669-4218B677D203}.Release|Any CPU.Build.0 = Release|Any CPU
	EndGlobalSection
	GlobalSection(SolutionProperties) = preSolution
		HideSolutionNode = FALSE
	EndGlobalSection
	GlobalSection(NestedProjects) = preSolution
		{F72C9F7A-3D18-4106-9B01-29F300B86CCD} = {B0FD18B3-F51C-4B1E-B81C-FE8DB0C32F26}
		{0B68B3B1-43EE-4669-BD89-BA640B696B0C} = {B0FD18B3-F51C-4B1E-B81C-FE8DB0C32F26}
		{6EE7A7A4-274B-43CA-B669-4218B677D203} = {B0FD18B3-F51C-4B1E-B81C-FE8DB0C32F26}
	EndGlobalSection
	GlobalSection(ExtensibilityGlobals) = postSolution
		SolutionGuid = {4534873E-4095-425D-9650-3EAB81C5BEAE}
	EndGlobalSection
EndGlobal
